{
  "name": "vokab",
  "version": "1.0.0",
  "lockfileVersion": 1,
  "requires": true,
  "dependencies": {
    "ap": {
      "version": "0.1.0",
      "resolved": "https://registry.npmjs.org/ap/-/ap-0.1.0.tgz",
      "integrity": "sha1-2KPyZhU3k5ihtTymzBpmag+/4VA="
    },
    "srt": {
      "version": "0.0.3",
      "resolved": "https://registry.npmjs.org/srt/-/srt-0.0.3.tgz",
      "integrity": "sha1-yQW68xOTqap5R44EZhanpA1kn30=",
      "requires": {
        "ap": "0.1.0"
      }
    },
    "subtitle": {
      "version": "1.0.1",
      "resolved": "https://registry.npmjs.org/subtitle/-/subtitle-1.0.1.tgz",
      "integrity": "sha512-vRUuj4zGtFk/Ll5LUFN1UXOYK5raHsRdW8IoUBxyM9JkCWBBgYi0Cexk+PJIT6UQVxW8h8spYnbcRobm0OIcow==",
      "requires": {
        "zero-fill": "2.2.3"
      }
    },
    "zero-fill": {
      "version": "2.2.3",
      "resolved": "https://registry.npmjs.org/zero-fill/-/zero-fill-2.2.3.tgz",
      "integrity": "sha1-o97wa6XjmuZEhQu0yirUEStIVek="
    }
  }
}
